
Microsoft Visual Studio Solution File, Format Version 12.00
# Visual Studio 2012
Project("{FAE04EC0-301F-11D3-BF4B-00C04F79EFBC}") = "OnScreenKeyboard", "OnScreenKeyboard\OnScreenKeyboard.csproj", "{4A57F6F1-BCBC-446D-98B9-F98CC6455C2B}"
EndProject
Project("{FAE04EC0-301F-11D3-BF4B-00C04F79EFBC}") = "TermControls", "TermControls\TermControls.csproj", "{4D17507C-6002-49C6-976C-649588A2677F}"
EndProject
Project("{FAE04EC0-301F-11D3-BF4B-00C04F79EFBC}") = "TermControlsTests", "TermControlsTests\TermControlsTests.csproj", "{C92ECA3F-1083-4509-B4B7-ED9B3C5B5F3C}"
EndProject
Global
	GlobalSection(SolutionConfigurationPlatforms) = preSolution
		Debug|Any CPU = Debug|Any CPU
		Debug|Mixed Platforms = Debug|Mixed Platforms
		Debug|x86 = Debug|x86
		Release|Any CPU = Release|Any CPU
		Release|Mixed Platforms = Release|Mixed Platforms
		Release|x86 = Release|x86
	EndGlobalSection
	GlobalSection(ProjectConfigurationPlatforms) = postSolution
		{4A57F6F1-BCBC-446D-98B9-F98CC6455C2B}.Debug|Any CPU.ActiveCfg = Debug|x86
		{4A57F6F1-BCBC-446D-98B9-F98CC6455C2B}.Debug|Mixed Platforms.ActiveCfg = Debug|x86
		{4A57F6F1-BCBC-446D-98B9-F98CC6455C2B}.Debug|Mixed Platforms.Build.0 = Debug|x86
		{4A57F6F1-BCBC-446D-98B9-F98CC6455C2B}.Debug|x86.ActiveCfg = Debug|x86
		{4A57F6F1-BCBC-446D-98B9-F98CC6455C2B}.Debug|x86.Build.0 = Debug|x86
		{4A57F6F1-BCBC-446D-98B9-F98CC6455C2B}.Release|Any CPU.ActiveCfg = Release|x86
		{4A57F6F1-BCBC-446D-98B9-F98CC6455C2B}.Release|Mixed Platforms.ActiveCfg = Release|x86
		{4A57F6F1-BCBC-446D-98B9-F98CC6455C2B}.Release|Mixed Platforms.Build.0 = Release|x86
		{4A57F6F1-BCBC-446D-98B9-F98CC6455C2B}.Release|x86.ActiveCfg = Release|x86
		{4A57F6F1-BCBC-446D-98B9-F98CC6455C2B}.Release|x86.Build.0 = Release|x86
		{4D17507C-6002-49C6-976C-649588A2677F}.Debug|Any CPU.ActiveCfg = Debug|Any CPU
		{4D17507C-6002-49C6-976C-649588A2677F}.Debug|Any CPU.Build.0 = Debug|Any CPU
		{4D17507C-6002-49C6-976C-649588A2677F}.Debug|Mixed Platforms.ActiveCfg = Debug|Any CPU
		{4D17507C-6002-49C6-976C-649588A2677F}.Debug|Mixed Platforms.Build.0 = Debug|Any CPU
		{4D17507C-6002-49C6-976C-649588A2677F}.Debug|x86.ActiveCfg = Debug|Any CPU
		{4D17507C-6002-49C6-976C-649588A2677F}.Release|Any CPU.ActiveCfg = Release|Any CPU
		{4D17507C-6002-49C6-976C-649588A2677F}.Release|Any CPU.Build.0 = Release|Any CPU
		{4D17507C-6002-49C6-976C-649588A2677F}.Release|Mixed Platforms.ActiveCfg = Release|Any CPU
		{4D17507C-6002-49C6-976C-649588A2677F}.Release|Mixed Platforms.Build.0 = Release|Any CPU
		{4D17507C-6002-49C6-976C-649588A2677F}.Release|x86.ActiveCfg = Release|Any CPU
		{C92ECA3F-1083-4509-B4B7-ED9B3C5B5F3C}.Debug|Any CPU.ActiveCfg = Debug|Any CPU
		{C92ECA3F-1083-4509-B4B7-ED9B3C5B5F3C}.Debug|Any CPU.Build.0 = Debug|Any CPU
		{C92ECA3F-1083-4509-B4B7-ED9B3C5B5F3C}.Debug|Mixed Platforms.ActiveCfg = Debug|Any CPU
		{C92ECA3F-1083-4509-B4B7-ED9B3C5B5F3C}.Debug|Mixed Platforms.Build.0 = Debug|Any CPU
		{C92ECA3F-1083-4509-B4B7-ED9B3C5B5F3C}.Debug|x86.ActiveCfg = Debug|Any CPU
		{C92ECA3F-1083-4509-B4B7-ED9B3C5B5F3C}.Release|Any CPU.ActiveCfg = Release|Any CPU
		{C92ECA3F-1083-4509-B4B7-ED9B3C5B5F3C}.Release|Any CPU.Build.0 = Release|Any CPU
		{C92ECA3F-1083-4509-B4B7-ED9B3C5B5F3C}.Release|Mixed Platforms.ActiveCfg = Release|Any CPU
		{C92ECA3F-1083-4509-B4B7-ED9B3C5B5F3C}.Release|Mixed Platforms.Build.0 = Release|Any CPU
		{C92ECA3F-1083-4509-B4B7-ED9B3C5B5F3C}.Release|x86.ActiveCfg = Release|Any CPU
	EndGlobalSection
	GlobalSection(SolutionProperties) = preSolution
		HideSolutionNode = FALSE
	EndGlobalSection
EndGlobal
